
Microsoft Visual Studio Solution File, Format Version 12.00
# Visual Studio 15
VisualStudioVersion = 15.0.28307.421
MinimumVisualStudioVersion = 10.0.40219.1
Project("{FAE04EC0-301F-11D3-BF4B-00C04F79EFBC}") = "Renderer", "Renderer\Renderer.csproj", "{D5A157A5-068A-4303-82D2-14843A9179EE}"
EndProject
Global
	GlobalSection(SolutionConfigurationPlatforms) = preSolution
		Debug|Any CPU = Debug|Any CPU
		Release|Any CPU = Release|Any CPU
	EndGlobalSection
	GlobalSection(ProjectConfigurationPlatforms) = postSolution
		{D5A157A5-068A-4303-82D2-14843A9179EE}.Debug|Any CPU.ActiveCfg = Debug|Any CPU
		{D5A157A5-068A-4303-82D2-14843A9179EE}.Debug|Any CPU.Build.0 = Debug|Any CPU
		{D5A157A5-068A-4303-82D2-14843A9179EE}.Release|Any CPU.ActiveCfg = Release|Any CPU
		{D5A157A5-068A-4303-82D2-14843A9179EE}.Release|Any CPU.Build.0 = Release|Any CPU
	EndGlobalSection
	GlobalSection(SolutionProperties) = preSolution
		HideSolutionNode = FALSE
	EndGlobalSection
	GlobalSection(ExtensibilityGlobals) = postSolution
		SolutionGuid = {A16EF825-37BA-4371-A62A-794DE812488D}
	EndGlobalSection
EndGlobal
