
Microsoft Visual Studio Solution File, Format Version 12.00
# Visual Studio 15
VisualStudioVersion = 15.0.28307.421
MinimumVisualStudioVersion = 10.0.40219.1
Project("{FAE04EC0-301F-11D3-BF4B-00C04F79EFBC}") = "PtcCreoRenderer", "PtcCreoRenderer\PtcCreoRenderer.csproj", "{8A1D7314-2D0D-40F2-864E-CEA3D74280FC}"
EndProject
Global
	GlobalSection(SolutionConfigurationPlatforms) = preSolution
		Debug|Any CPU = Debug|Any CPU
		Release|Any CPU = Release|Any CPU
	EndGlobalSection
	GlobalSection(ProjectConfigurationPlatforms) = postSolution
		{8A1D7314-2D0D-40F2-864E-CEA3D74280FC}.Debug|Any CPU.ActiveCfg = Debug|Any CPU
		{8A1D7314-2D0D-40F2-864E-CEA3D74280FC}.Debug|Any CPU.Build.0 = Debug|Any CPU
		{8A1D7314-2D0D-40F2-864E-CEA3D74280FC}.Release|Any CPU.ActiveCfg = Release|Any CPU
		{8A1D7314-2D0D-40F2-864E-CEA3D74280FC}.Release|Any CPU.Build.0 = Release|Any CPU
	EndGlobalSection
	GlobalSection(SolutionProperties) = preSolution
		HideSolutionNode = FALSE
	EndGlobalSection
	GlobalSection(ExtensibilityGlobals) = postSolution
		SolutionGuid = {A16EF825-37BA-4371-A62A-794DE812488D}
	EndGlobalSection
EndGlobal
